{
  "version": 4,
  "terraform_version": "1.10.5",
  "serial": 72,
  "lineage": "c7e89fd9-7eed-cc6b-8db4-8f3af6fcaa33",
  "outputs": {},
  "resources": [
    {
      "mode": "managed",
      "type": "google_bigquery_dataset",
      "name": "nyc_taxi_dataset",
      "provider": "provider[\"registry.terraform.io/hashicorp/google\"]",
      "instances": [
        {
          "schema_version": 0,
          "attributes": {
            "access": [
              {
                "domain": "",
                "group_by_email": "",
                "role": "OWNER",
                "special_group": "",
                "user_by_email": "terraform-runner@de-zoomcamp-448516.iam.gserviceaccount.com",
                "view": []
              },
              {
                "domain": "",
                "group_by_email": "",
                "role": "OWNER",
                "special_group": "projectOwners",
                "user_by_email": "",
                "view": []
              },
              {
                "domain": "",
                "group_by_email": "",
                "role": "READER",
                "special_group": "projectReaders",
                "user_by_email": "",
                "view": []
              },
              {
                "domain": "",
                "group_by_email": "",
                "role": "WRITER",
                "special_group": "projectWriters",
                "user_by_email": "",
                "view": []
              }
            ],
            "creation_time": 1739031897322,
            "dataset_id": "nyc_taxi_dataset",
            "default_encryption_configuration": [],
            "default_partition_expiration_ms": 7200000,
            "default_table_expiration_ms": 7200000,
            "delete_contents_on_destroy": false,
            "description": "",
            "etag": "lWGKSqzR4rkH4d8JK+szfQ==",
            "friendly_name": "",
            "id": "projects/de-zoomcamp-448516/datasets/nyc_taxi_dataset",
            "labels": {
              "env": "default"
            },
            "last_modified_time": 1739031897322,
            "location": "asia-south1",
            "project": "de-zoomcamp-448516",
            "self_link": "https://www.googleapis.com/bigquery/v2/projects/de-zoomcamp-448516/datasets/nyc_taxi_dataset",
            "timeouts": null
          },
          "sensitive_attributes": [],
          "private": "eyJlMmJmYjczMC1lY2FhLTExZTYtOGY4OC0zNDM2M2JjN2M0YzAiOnsiY3JlYXRlIjoyNDAwMDAwMDAwMDAsImRlbGV0ZSI6MjQwMDAwMDAwMDAwLCJ1cGRhdGUiOjI0MDAwMDAwMDAwMH19"
        }
      ]
    }
  ],
  "check_results": null
}
